// !$*UTF8*$!
{
	archiveVersion = 1;
	classes = {
	};
	objectVersion = 46;
	objects = {

/* Begin PBXBuildFile section */
		9505DFD21D2CD77E00CEF991 /* loading@2x.png in Resources */ = {isa = PBXBuildFile; fileRef = 9505DFD11D2CD77E00CEF991 /* loading@2x.png */; };
		9518E91F1C774A5500177165 /* DyGlassesFramework.framework in Frameworks */ = {isa = PBXBuildFile; fileRef = 9518E91E1C774A5500177165 /* DyGlassesFramework.framework */; };
		951E936D1D3DCF7600BF778C /* 黑色多窗.png in Resources */ = {isa = PBXBuildFile; fileRef = 951E936C1D3DCF7600BF778C /* 黑色多窗.png */; };
		953DE5D71D2246E100712709 /* launchImage.png in Resources */ = {isa = PBXBuildFile; fileRef = 953DE5D61D2246E100712709 /* launchImage.png */; };
		9544234A1D29225C00509291 /* Localizable.strings in Resources */ = {isa = PBXBuildFile; fileRef = 9544234C1D29225C00509291 /* Localizable.strings */; };
		9571C2FC1CBE09CB0087784F /* SVIndefiniteAnimatedView.m in Sources */ = {isa = PBXBuildFile; fileRef = 9571C2F51CBE09CB0087784F /* SVIndefiniteAnimatedView.m */; };
		9571C2FD1CBE09CB0087784F /* SVProgressHUD.bundle in Resources */ = {isa = PBXBuildFile; fileRef = 9571C2F71CBE09CB0087784F /* SVProgressHUD.bundle */; };
		9571C2FE1CBE09CB0087784F /* SVProgressHUD.m in Sources */ = {isa = PBXBuildFile; fileRef = 9571C2F91CBE09CB0087784F /* SVProgressHUD.m */; };
		9571C2FF1CBE09CB0087784F /* SVRadialGradientLayer.m in Sources */ = {isa = PBXBuildFile; fileRef = 9571C2FB1CBE09CB0087784F /* SVRadialGradientLayer.m */; };
		95734E441CBFD6C50040DACD /* glasses.bundle in Resources */ = {isa = PBXBuildFile; fileRef = 95734E431CBFD6C50040DACD /* glasses.bundle */; };
		957480961CBCB9FC0027CAD7 /* DyMultipleViewController.mm in Sources */ = {isa = PBXBuildFile; fileRef = 957480951CBCB9FC0027CAD7 /* DyMultipleViewController.mm */; };
		95892D9A1D9D201800886A01 /* opencv2.framework in Frameworks */ = {isa = PBXBuildFile; fileRef = 95892D991D9D201800886A01 /* opencv2.framework */; };
		95A7003B1C8168D4007A34CF /* resource.bundle in Resources */ = {isa = PBXBuildFile; fileRef = 95A7003A1C8168D4007A34CF /* resource.bundle */; };
		95D092731C51D8580006449F /* main.m in Sources */ = {isa = PBXBuildFile; fileRef = 95D092721C51D8580006449F /* main.m */; };
		95D092761C51D8580006449F /* AppDelegate.m in Sources */ = {isa = PBXBuildFile; fileRef = 95D092751C51D8580006449F /* AppDelegate.m */; };
		95D092791C51D8580006449F /* ViewController.mm in Sources */ = {isa = PBXBuildFile; fileRef = 95D092781C51D8580006449F /* ViewController.mm */; };
		95D0927C1C51D8580006449F /* Main.storyboard in Resources */ = {isa = PBXBuildFile; fileRef = 95D0927A1C51D8580006449F /* Main.storyboard */; };
		95D0927E1C51D8580006449F /* Assets.xcassets in Resources */ = {isa = PBXBuildFile; fileRef = 95D0927D1C51D8580006449F /* Assets.xcassets */; };
		95D092811C51D8580006449F /* LaunchScreen.storyboard in Resources */ = {isa = PBXBuildFile; fileRef = 95D0927F1C51D8580006449F /* LaunchScreen.storyboard */; };
		95D092891C51D8F50006449F /* UIKit.framework in Frameworks */ = {isa = PBXBuildFile; fileRef = 95D092881C51D8F50006449F /* UIKit.framework */; };
		95D0928B1C51D9000006449F /* QuartzCore.framework in Frameworks */ = {isa = PBXBuildFile; fileRef = 95D0928A1C51D9000006449F /* QuartzCore.framework */; };
		95D0928D1C51D9110006449F /* Foundation.framework in Frameworks */ = {isa = PBXBuildFile; fileRef = 95D0928C1C51D9110006449F /* Foundation.framework */; };
		95D0928F1C51D9260006449F /* CoreVideo.framework in Frameworks */ = {isa = PBXBuildFile; fileRef = 95D0928E1C51D9260006449F /* CoreVideo.framework */; };
		95D092911C51D9310006449F /* CoreMedia.framework in Frameworks */ = {isa = PBXBuildFile; fileRef = 95D092901C51D9310006449F /* CoreMedia.framework */; };
		95D092931C51D9390006449F /* CoreImage.framework in Frameworks */ = {isa = PBXBuildFile; fileRef = 95D092921C51D9390006449F /* CoreImage.framework */; };
		95D092951C51D9460006449F /* CoreGraphics.framework in Frameworks */ = {isa = PBXBuildFile; fileRef = 95D092941C51D9460006449F /* CoreGraphics.framework */; };
		95D092971C51D9500006449F /* AVFoundation.framework in Frameworks */ = {isa = PBXBuildFile; fileRef = 95D092961C51D9500006449F /* AVFoundation.framework */; };
		95D092991C51D9590006449F /* AssetsLibrary.framework in Frameworks */ = {isa = PBXBuildFile; fileRef = 95D092981C51D9590006449F /* AssetsLibrary.framework */; };
		95D0929B1C51D9630006449F /* Accelerate.framework in Frameworks */ = {isa = PBXBuildFile; fileRef = 95D0929A1C51D9630006449F /* Accelerate.framework */; };
		95D0929D1C51D96C0006449F /* ImageIO.framework in Frameworks */ = {isa = PBXBuildFile; fileRef = 95D0929C1C51D96C0006449F /* ImageIO.framework */; };
		95D0929F1C51D9740006449F /* MobileCoreServices.framework in Frameworks */ = {isa = PBXBuildFile; fileRef = 95D0929E1C51D9740006449F /* MobileCoreServices.framework */; };
		95D092A11C51D97C0006449F /* GLKit.framework in Frameworks */ = {isa = PBXBuildFile; fileRef = 95D092A01C51D97C0006449F /* GLKit.framework */; };
/* End PBXBuildFile section */

/* Begin PBXFileReference section */
		9505DFD11D2CD77E00CEF991 /* loading@2x.png */ = {isa = PBXFileReference; lastKnownFileType = image.png; path = "loading@2x.png"; sourceTree = "<group>"; };
		9518E91E1C774A5500177165 /* DyGlassesFramework.framework */ = {isa = PBXFileReference; lastKnownFileType = wrapper.framework; name = DyGlassesFramework.framework; path = libs/DyGlassesFramework.framework; sourceTree = "<group>"; };
		951E936C1D3DCF7600BF778C /* 黑色多窗.png */ = {isa = PBXFileReference; lastKnownFileType = image.png; path = "黑色多窗.png"; sourceTree = "<group>"; };
		953DE5D61D2246E100712709 /* launchImage.png */ = {isa = PBXFileReference; lastKnownFileType = image.png; name = launchImage.png; path = ../launchImage.png; sourceTree = "<group>"; };
		9540FD111D2CD8CA00E417B2 /* en */ = {isa = PBXFileReference; lastKnownFileType = text.plist.strings; name = en; path = en.lproj/LaunchScreen.strings; sourceTree = "<group>"; };
		954423461D29220000509291 /* zh-Hans */ = {isa = PBXFileReference; lastKnownFileType = text.plist.strings; name = "zh-Hans"; path = "zh-Hans.lproj/Main.strings"; sourceTree = "<group>"; };
		954423471D29220000509291 /* zh-Hans */ = {isa = PBXFileReference; lastKnownFileType = text.plist.strings; name = "zh-Hans"; path = "zh-Hans.lproj/LaunchScreen.strings"; sourceTree = "<group>"; };
		9544234B1D29225C00509291 /* zh-Hans */ = {isa = PBXFileReference; lastKnownFileType = text.plist.strings; name = "zh-Hans"; path = "zh-Hans.lproj/Localizable.strings"; sourceTree = "<group>"; };
		9544234D1D29226000509291 /* en */ = {isa = PBXFileReference; lastKnownFileType = text.plist.strings; name = en; path = en.lproj/Localizable.strings; sourceTree = "<group>"; };
		9544234E1D29227100509291 /* Base */ = {isa = PBXFileReference; lastKnownFileType = text.plist.strings; name = Base; path = Base.lproj/Localizable.strings; sourceTree = "<group>"; };
		9571C2F41CBE09CB0087784F /* SVIndefiniteAnimatedView.h */ = {isa = PBXFileReference; fileEncoding = 4; lastKnownFileType = sourcecode.c.h; path = SVIndefiniteAnimatedView.h; sourceTree = "<group>"; };
		9571C2F51CBE09CB0087784F /* SVIndefiniteAnimatedView.m */ = {isa = PBXFileReference; fileEncoding = 4; lastKnownFileType = sourcecode.c.objc; path = SVIndefiniteAnimatedView.m; sourceTree = "<group>"; };
		9571C2F61CBE09CB0087784F /* SVProgressHUD-Prefix.pch */ = {isa = PBXFileReference; fileEncoding = 4; lastKnownFileType = sourcecode.c.h; path = "SVProgressHUD-Prefix.pch"; sourceTree = "<group>"; };
		9571C2F71CBE09CB0087784F /* SVProgressHUD.bundle */ = {isa = PBXFileReference; lastKnownFileType = "wrapper.plug-in"; path = SVProgressHUD.bundle; sourceTree = "<group>"; };
		9571C2F81CBE09CB0087784F /* SVProgressHUD.h */ = {isa = PBXFileReference; fileEncoding = 4; lastKnownFileType = sourcecode.c.h; path = SVProgressHUD.h; sourceTree = "<group>"; };
		9571C2F91CBE09CB0087784F /* SVProgressHUD.m */ = {isa = PBXFileReference; fileEncoding = 4; lastKnownFileType = sourcecode.c.objc; path = SVProgressHUD.m; sourceTree = "<group>"; };
		9571C2FA1CBE09CB0087784F /* SVRadialGradientLayer.h */ = {isa = PBXFileReference; fileEncoding = 4; lastKnownFileType = sourcecode.c.h; path = SVRadialGradientLayer.h; sourceTree = "<group>"; };
		9571C2FB1CBE09CB0087784F /* SVRadialGradientLayer.m */ = {isa = PBXFileReference; fileEncoding = 4; lastKnownFileType = sourcecode.c.objc; path = SVRadialGradientLayer.m; sourceTree = "<group>"; };
		95734E431CBFD6C50040DACD /* glasses.bundle */ = {isa = PBXFileReference; lastKnownFileType = "wrapper.plug-in"; path = glasses.bundle; sourceTree = "<group>"; };
		957480941CBCB9FC0027CAD7 /* DyMultipleViewController.h */ = {isa = PBXFileReference; fileEncoding = 4; lastKnownFileType = sourcecode.c.h; path = DyMultipleViewController.h; sourceTree = "<group>"; };
		957480951CBCB9FC0027CAD7 /* DyMultipleViewController.mm */ = {isa = PBXFileReference; fileEncoding = 4; lastKnownFileType = sourcecode.cpp.objcpp; path = DyMultipleViewController.mm; sourceTree = "<group>"; };
		95892D991D9D201800886A01 /* opencv2.framework */ = {isa = PBXFileReference; lastKnownFileType = wrapper.framework; name = opencv2.framework; path = libs/opencv2.framework; sourceTree = "<group>"; };
		95A7003A1C8168D4007A34CF /* resource.bundle */ = {isa = PBXFileReference; lastKnownFileType = "wrapper.plug-in"; name = resource.bundle; path = libs/DyGlassesFramework.framework/resource.bundle; sourceTree = "<group>"; };
		95D0926E1C51D8580006449F /* DyGlassesProject.app */ = {isa = PBXFileReference; explicitFileType = wrapper.application; includeInIndex = 0; path = DyGlassesProject.app; sourceTree = BUILT_PRODUCTS_DIR; };
		95D092721C51D8580006449F /* main.m */ = {isa = PBXFileReference; lastKnownFileType = sourcecode.c.objc; path = main.m; sourceTree = "<group>"; };
		95D092741C51D8580006449F /* AppDelegate.h */ = {isa = PBXFileReference; lastKnownFileType = sourcecode.c.h; path = AppDelegate.h; sourceTree = "<group>"; };
		95D092751C51D8580006449F /* AppDelegate.m */ = {isa = PBXFileReference; lastKnownFileType = sourcecode.c.objc; path = AppDelegate.m; sourceTree = "<group>"; };
		95D092771C51D8580006449F /* ViewController.h */ = {isa = PBXFileReference; lastKnownFileType = sourcecode.c.h; path = ViewController.h; sourceTree = "<group>"; };
		95D092781C51D8580006449F /* ViewController.mm */ = {isa = PBXFileReference; lastKnownFileType = sourcecode.cpp.objcpp; path = ViewController.mm; sourceTree = "<group>"; };
		95D0927B1C51D8580006449F /* Base */ = {isa = PBXFileReference; lastKnownFileType = file.storyboard; name = Base; path = Base.lproj/Main.storyboard; sourceTree = "<group>"; };
		95D0927D1C51D8580006449F /* Assets.xcassets */ = {isa = PBXFileReference; lastKnownFileType = folder.assetcatalog; path = Assets.xcassets; sourceTree = "<group>"; };
		95D092801C51D8580006449F /* Base */ = {isa = PBXFileReference; lastKnownFileType = file.storyboard; name = Base; path = Base.lproj/LaunchScreen.storyboard; sourceTree = "<group>"; };
		95D092821C51D8580006449F /* Info.plist */ = {isa = PBXFileReference; lastKnownFileType = text.plist.xml; path = Info.plist; sourceTree = "<group>"; };
		95D092881C51D8F50006449F /* UIKit.framework */ = {isa = PBXFileReference; lastKnownFileType = wrapper.framework; name = UIKit.framework; path = System/Library/Frameworks/UIKit.framework; sourceTree = SDKROOT; };
		95D0928A1C51D9000006449F /* QuartzCore.framework */ = {isa = PBXFileReference; lastKnownFileType = wrapper.framework; name = QuartzCore.framework; path = System/Library/Frameworks/QuartzCore.framework; sourceTree = SDKROOT; };
		95D0928C1C51D9110006449F /* Foundation.framework */ = {isa = PBXFileReference; lastKnownFileType = wrapper.framework; name = Foundation.framework; path = System/Library/Frameworks/Foundation.framework; sourceTree = SDKROOT; };
		95D0928E1C51D9260006449F /* CoreVideo.framework */ = {isa = PBXFileReference; lastKnownFileType = wrapper.framework; name = CoreVideo.framework; path = System/Library/Frameworks/CoreVideo.framework; sourceTree = SDKROOT; };
		95D092901C51D9310006449F /* CoreMedia.framework */ = {isa = PBXFileReference; lastKnownFileType = wrapper.framework; name = CoreMedia.framework; path = System/Library/Frameworks/CoreMedia.framework; sourceTree = SDKROOT; };
		95D092921C51D9390006449F /* CoreImage.framework */ = {isa = PBXFileReference; lastKnownFileType = wrapper.framework; name = CoreImage.framework; path = System/Library/Frameworks/CoreImage.framework; sourceTree = SDKROOT; };
		95D092941C51D9460006449F /* CoreGraphics.framework */ = {isa = PBXFileReference; lastKnownFileType = wrapper.framework; name = CoreGraphics.framework; path = System/Library/Frameworks/CoreGraphics.framework; sourceTree = SDKROOT; };
		95D092961C51D9500006449F /* AVFoundation.framework */ = {isa = PBXFileReference; lastKnownFileType = wrapper.framework; name = AVFoundation.framework; path = System/Library/Frameworks/AVFoundation.framework; sourceTree = SDKROOT; };
		95D092981C51D9590006449F /* AssetsLibrary.framework */ = {isa = PBXFileReference; lastKnownFileType = wrapper.framework; name = AssetsLibrary.framework; path = System/Library/Frameworks/AssetsLibrary.framework; sourceTree = SDKROOT; };
		95D0929A1C51D9630006449F /* Accelerate.framework */ = {isa = PBXFileReference; lastKnownFileType = wrapper.framework; name = Accelerate.framework; path = System/Library/Frameworks/Accelerate.framework; sourceTree = SDKROOT; };
		95D0929C1C51D96C0006449F /* ImageIO.framework */ = {isa = PBXFileReference; lastKnownFileType = wrapper.framework; name = ImageIO.framework; path = System/Library/Frameworks/ImageIO.framework; sourceTree = SDKROOT; };
		95D0929E1C51D9740006449F /* MobileCoreServices.framework */ = {isa = PBXFileReference; lastKnownFileType = wrapper.framework; name = MobileCoreServices.framework; path = System/Library/Frameworks/MobileCoreServices.framework; sourceTree = SDKROOT; };
		95D092A01C51D97C0006449F /* GLKit.framework */ = {isa = PBXFileReference; lastKnownFileType = wrapper.framework; name = GLKit.framework; path = System/Library/Frameworks/GLKit.framework; sourceTree = SDKROOT; };
/* End PBXFileReference section */

/* Begin PBXFrameworksBuildPhase section */
		95D0926B1C51D8580006449F /* Frameworks */ = {
			isa = PBXFrameworksBuildPhase;
			buildActionMask = 2147483647;
			files = (
				95892D9A1D9D201800886A01 /* opencv2.framework in Frameworks */,
				9518E91F1C774A5500177165 /* DyGlassesFramework.framework in Frameworks */,
				95D092A11C51D97C0006449F /* GLKit.framework in Frameworks */,
				95D0929F1C51D9740006449F /* MobileCoreServices.framework in Frameworks */,
				95D0929D1C51D96C0006449F /* ImageIO.framework in Frameworks */,
				95D0929B1C51D9630006449F /* Accelerate.framework in Frameworks */,
				95D092991C51D9590006449F /* AssetsLibrary.framework in Frameworks */,
				95D092971C51D9500006449F /* AVFoundation.framework in Frameworks */,
				95D092951C51D9460006449F /* CoreGraphics.framework in Frameworks */,
				95D092931C51D9390006449F /* CoreImage.framework in Frameworks */,
				95D092911C51D9310006449F /* CoreMedia.framework in Frameworks */,
				95D0928F1C51D9260006449F /* CoreVideo.framework in Frameworks */,
				95D0928D1C51D9110006449F /* Foundation.framework in Frameworks */,
				95D0928B1C51D9000006449F /* QuartzCore.framework in Frameworks */,
				95D092891C51D8F50006449F /* UIKit.framework in Frameworks */,
			);
			runOnlyForDeploymentPostprocessing = 0;
		};
/* End PBXFrameworksBuildPhase section */

/* Begin PBXGroup section */
		9571C2F31CBE09CB0087784F /* SVProgressHUD */ = {
			isa = PBXGroup;
			children = (
				9571C2F41CBE09CB0087784F /* SVIndefiniteAnimatedView.h */,
				9571C2F51CBE09CB0087784F /* SVIndefiniteAnimatedView.m */,
				9571C2F61CBE09CB0087784F /* SVProgressHUD-Prefix.pch */,
				9571C2F71CBE09CB0087784F /* SVProgressHUD.bundle */,
				9571C2F81CBE09CB0087784F /* SVProgressHUD.h */,
				9571C2F91CBE09CB0087784F /* SVProgressHUD.m */,
				9571C2FA1CBE09CB0087784F /* SVRadialGradientLayer.h */,
				9571C2FB1CBE09CB0087784F /* SVRadialGradientLayer.m */,
			);
			path = SVProgressHUD;
			sourceTree = "<group>";
		};
		9571C3001CBE09DB0087784F /* 3rd */ = {
			isa = PBXGroup;
			children = (
				9571C2F31CBE09CB0087784F /* SVProgressHUD */,
			);
			name = 3rd;
			sourceTree = "<group>";
		};
		95892D981D9D201700886A01 /* Frameworks */ = {
			isa = PBXGroup;
			children = (
				95892D991D9D201800886A01 /* opencv2.framework */,
			);
			name = Frameworks;
			sourceTree = "<group>";
		};
		95D092651C51D8580006449F = {
			isa = PBXGroup;
			children = (
				95734E431CBFD6C50040DACD /* glasses.bundle */,
				95A7003A1C8168D4007A34CF /* resource.bundle */,
				9518E91E1C774A5500177165 /* DyGlassesFramework.framework */,
				95D092A01C51D97C0006449F /* GLKit.framework */,
				95D0929E1C51D9740006449F /* MobileCoreServices.framework */,
				95D0929C1C51D96C0006449F /* ImageIO.framework */,
				95D0929A1C51D9630006449F /* Accelerate.framework */,
				95D092981C51D9590006449F /* AssetsLibrary.framework */,
				95D092961C51D9500006449F /* AVFoundation.framework */,
				95D092941C51D9460006449F /* CoreGraphics.framework */,
				95D092921C51D9390006449F /* CoreImage.framework */,
				95D092901C51D9310006449F /* CoreMedia.framework */,
				95D0928E1C51D9260006449F /* CoreVideo.framework */,
				95D0928C1C51D9110006449F /* Foundation.framework */,
				95D0928A1C51D9000006449F /* QuartzCore.framework */,
				95D092881C51D8F50006449F /* UIKit.framework */,
				95D092701C51D8580006449F /* DyGlassesProject */,
				95D0926F1C51D8580006449F /* Products */,
				95892D981D9D201700886A01 /* Frameworks */,
			);
			sourceTree = "<group>";
		};
		95D0926F1C51D8580006449F /* Products */ = {
			isa = PBXGroup;
			children = (
				95D0926E1C51D8580006449F /* DyGlassesProject.app */,
			);
			name = Products;
			sourceTree = "<group>";
		};
		95D092701C51D8580006449F /* DyGlassesProject */ = {
			isa = PBXGroup;
			children = (
				9571C3001CBE09DB0087784F /* 3rd */,
				95D092741C51D8580006449F /* AppDelegate.h */,
				95D092751C51D8580006449F /* AppDelegate.m */,
				95D092771C51D8580006449F /* ViewController.h */,
				95D092781C51D8580006449F /* ViewController.mm */,
				9544234C1D29225C00509291 /* Localizable.strings */,
				957480941CBCB9FC0027CAD7 /* DyMultipleViewController.h */,
				957480951CBCB9FC0027CAD7 /* DyMultipleViewController.mm */,
				95D0927A1C51D8580006449F /* Main.storyboard */,
				95D0927D1C51D8580006449F /* Assets.xcassets */,
				95D0927F1C51D8580006449F /* LaunchScreen.storyboard */,
				95D092821C51D8580006449F /* Info.plist */,
				9505DFD11D2CD77E00CEF991 /* loading@2x.png */,
				95D092711C51D8580006449F /* Supporting Files */,
			);
			path = DyGlassesProject;
			sourceTree = "<group>";
		};
		95D092711C51D8580006449F /* Supporting Files */ = {
			isa = PBXGroup;
			children = (
				951E936C1D3DCF7600BF778C /* 黑色多窗.png */,
				953DE5D61D2246E100712709 /* launchImage.png */,
				95D092721C51D8580006449F /* main.m */,
			);
			name = "Supporting Files";
			sourceTree = "<group>";
		};
/* End PBXGroup section */

/* Begin PBXNativeTarget section */
		95D0926D1C51D8580006449F /* DyGlassesProject */ = {
			isa = PBXNativeTarget;
			buildConfigurationList = 95D092851C51D8580006449F /* Build configuration list for PBXNativeTarget "DyGlassesProject" */;
			buildPhases = (
				95D0926A1C51D8580006449F /* Sources */,
				95D0926B1C51D8580006449F /* Frameworks */,
				95D0926C1C51D8580006449F /* Resources */,
			);
			buildRules = (
			);
			dependencies = (
			);
			name = DyGlassesProject;
			productName = DyGlassesProject;
			productReference = 95D0926E1C51D8580006449F /* DyGlassesProject.app */;
			productType = "com.apple.product-type.application";
		};
/* End PBXNativeTarget section */

/* Begin PBXProject section */
		95D092661C51D8580006449F /* Project object */ = {
			isa = PBXProject;
			attributes = {
				LastUpgradeCheck = 0720;
				ORGANIZATIONNAME = topplusvision;
				TargetAttributes = {
					95D0926D1C51D8580006449F = {
						CreatedOnToolsVersion = 7.2;
						DevelopmentTeam = 7L5J2E7BV3;
					};
				};
			};
			buildConfigurationList = 95D092691C51D8580006449F /* Build configuration list for PBXProject "DyGlassesProject" */;
			compatibilityVersion = "Xcode 3.2";
			developmentRegion = English;
			hasScannedForEncodings = 0;
			knownRegions = (
				en,
				Base,
			);
			mainGroup = 95D092651C51D8580006449F;
			productRefGroup = 95D0926F1C51D8580006449F /* Products */;
			projectDirPath = "";
			projectRoot = "";
			targets = (
				95D0926D1C51D8580006449F /* DyGlassesProject */,
			);
		};
/* End PBXProject section */

/* Begin PBXResourcesBuildPhase section */
		95D0926C1C51D8580006449F /* Resources */ = {
			isa = PBXResourcesBuildPhase;
			buildActionMask = 2147483647;
			files = (
				9505DFD21D2CD77E00CEF991 /* loading@2x.png in Resources */,
				95A7003B1C8168D4007A34CF /* resource.bundle in Resources */,
				95D092811C51D8580006449F /* LaunchScreen.storyboard in Resources */,
				951E936D1D3DCF7600BF778C /* 黑色多窗.png in Resources */,
				9571C2FD1CBE09CB0087784F /* SVProgressHUD.bundle in Resources */,
				9544234A1D29225C00509291 /* Localizable.strings in Resources */,
				953DE5D71D2246E100712709 /* launchImage.png in Resources */,
				95D0927E1C51D8580006449F /* Assets.xcassets in Resources */,
				95734E441CBFD6C50040DACD /* glasses.bundle in Resources */,
				95D0927C1C51D8580006449F /* Main.storyboard in Resources */,
			);
			runOnlyForDeploymentPostprocessing = 0;
		};
/* End PBXResourcesBuildPhase section */

/* Begin PBXSourcesBuildPhase section */
		95D0926A1C51D8580006449F /* Sources */ = {
			isa = PBXSourcesBuildPhase;
			buildActionMask = 2147483647;
			files = (
				9571C2FF1CBE09CB0087784F /* SVRadialGradientLayer.m in Sources */,
				9571C2FC1CBE09CB0087784F /* SVIndefiniteAnimatedView.m in Sources */,
				95D092791C51D8580006449F /* ViewController.mm in Sources */,
				95D092761C51D8580006449F /* AppDelegate.m in Sources */,
				95D092731C51D8580006449F /* main.m in Sources */,
				957480961CBCB9FC0027CAD7 /* DyMultipleViewController.mm in Sources */,
				9571C2FE1CBE09CB0087784F /* SVProgressHUD.m in Sources */,
			);
			runOnlyForDeploymentPostprocessing = 0;
		};
/* End PBXSourcesBuildPhase section */

/* Begin PBXVariantGroup section */
		9544234C1D29225C00509291 /* Localizable.strings */ = {
			isa = PBXVariantGroup;
			children = (
				9544234B1D29225C00509291 /* zh-Hans */,
				9544234D1D29226000509291 /* en */,
				9544234E1D29227100509291 /* Base */,
			);
			name = Localizable.strings;
			sourceTree = "<group>";
		};
		95D0927A1C51D8580006449F /* Main.storyboard */ = {
			isa = PBXVariantGroup;
			children = (
				95D0927B1C51D8580006449F /* Base */,
				954423461D29220000509291 /* zh-Hans */,
			);
			name = Main.storyboard;
			sourceTree = "<group>";
		};
		95D0927F1C51D8580006449F /* LaunchScreen.storyboard */ = {
			isa = PBXVariantGroup;
			children = (
				95D092801C51D8580006449F /* Base */,
				954423471D29220000509291 /* zh-Hans */,
				9540FD111D2CD8CA00E417B2 /* en */,
			);
			name = LaunchScreen.storyboard;
			sourceTree = "<group>";
		};
/* End PBXVariantGroup section */

/* Begin XCBuildConfiguration section */
		95D092831C51D8580006449F /* Debug */ = {
			isa = XCBuildConfiguration;
			buildSettings = {
				ALWAYS_SEARCH_USER_PATHS = NO;
				CLANG_CXX_LANGUAGE_STANDARD = "gnu++0x";
				CLANG_CXX_LIBRARY = "libc++";
				CLANG_ENABLE_MODULES = YES;
				CLANG_ENABLE_OBJC_ARC = YES;
				CLANG_WARN_BOOL_CONVERSION = YES;
				CLANG_WARN_CONSTANT_CONVERSION = YES;
				CLANG_WARN_DIRECT_OBJC_ISA_USAGE = YES_ERROR;
				CLANG_WARN_EMPTY_BODY = YES;
				CLANG_WARN_ENUM_CONVERSION = YES;
				CLANG_WARN_INT_CONVERSION = YES;
				CLANG_WARN_OBJC_ROOT_CLASS = YES_ERROR;
				CLANG_WARN_UNREACHABLE_CODE = YES;
				CLANG_WARN__DUPLICATE_METHOD_MATCH = YES;
				"CODE_SIGN_IDENTITY[sdk=iphoneos*]" = "iPhone Developer";
				COPY_PHASE_STRIP = NO;
				DEBUG_INFORMATION_FORMAT = dwarf;
				ENABLE_STRICT_OBJC_MSGSEND = YES;
				ENABLE_TESTABILITY = YES;
				GCC_C_LANGUAGE_STANDARD = gnu99;
				GCC_DYNAMIC_NO_PIC = NO;
				GCC_NO_COMMON_BLOCKS = YES;
				GCC_OPTIMIZATION_LEVEL = 0;
				GCC_PREPROCESSOR_DEFINITIONS = (
					"DEBUG=1",
					"$(inherited)",
				);
				GCC_WARN_64_TO_32_BIT_CONVERSION = YES;
				GCC_WARN_ABOUT_RETURN_TYPE = YES_ERROR;
				GCC_WARN_UNDECLARED_SELECTOR = YES;
				GCC_WARN_UNINITIALIZED_AUTOS = YES_AGGRESSIVE;
				GCC_WARN_UNUSED_FUNCTION = YES;
				GCC_WARN_UNUSED_VARIABLE = YES;
				IPHONEOS_DEPLOYMENT_TARGET = 9.2;
				MTL_ENABLE_DEBUG_INFO = YES;
				ONLY_ACTIVE_ARCH = YES;
				SDKROOT = iphoneos;
				TARGETED_DEVICE_FAMILY = "1,2";
			};
			name = Debug;
		};
		95D092841C51D8580006449F /* Release */ = {
			isa = XCBuildConfiguration;
			buildSettings = {
				ALWAYS_SEARCH_USER_PATHS = NO;
				CLANG_CXX_LANGUAGE_STANDARD = "gnu++0x";
				CLANG_CXX_LIBRARY = "libc++";
				CLANG_ENABLE_MODULES = YES;
				CLANG_ENABLE_OBJC_ARC = YES;
				CLANG_WARN_BOOL_CONVERSION = YES;
				CLANG_WARN_CONSTANT_CONVERSION = YES;
				CLANG_WARN_DIRECT_OBJC_ISA_USAGE = YES_ERROR;
				CLANG_WARN_EMPTY_BODY = YES;
				CLANG_WARN_ENUM_CONVERSION = YES;
				CLANG_WARN_INT_CONVERSION = YES;
				CLANG_WARN_OBJC_ROOT_CLASS = YES_ERROR;
				CLANG_WARN_UNREACHABLE_CODE = YES;
				CLANG_WARN__DUPLICATE_METHOD_MATCH = YES;
				"CODE_SIGN_IDENTITY[sdk=iphoneos*]" = "iPhone Developer";
				COPY_PHASE_STRIP = NO;
				DEBUG_INFORMATION_FORMAT = "dwarf-with-dsym";
				ENABLE_NS_ASSERTIONS = NO;
				ENABLE_STRICT_OBJC_MSGSEND = YES;
				GCC_C_LANGUAGE_STANDARD = gnu99;
				GCC_NO_COMMON_BLOCKS = YES;
				GCC_WARN_64_TO_32_BIT_CONVERSION = YES;
				GCC_WARN_ABOUT_RETURN_TYPE = YES_ERROR;
				GCC_WARN_UNDECLARED_SELECTOR = YES;
				GCC_WARN_UNINITIALIZED_AUTOS = YES_AGGRESSIVE;
				GCC_WARN_UNUSED_FUNCTION = YES;
				GCC_WARN_UNUSED_VARIABLE = YES;
				IPHONEOS_DEPLOYMENT_TARGET = 9.2;
				MTL_ENABLE_DEBUG_INFO = NO;
				SDKROOT = iphoneos;
				TARGETED_DEVICE_FAMILY = "1,2";
				VALIDATE_PRODUCT = YES;
			};
			name = Release;
		};
		95D092861C51D8580006449F /* Debug */ = {
			isa = XCBuildConfiguration;
			buildSettings = {
				ASSETCATALOG_COMPILER_APPICON_NAME = AppIcon;
				CODE_SIGN_IDENTITY = "iPhone Developer: yu liu (62MGC7N8CV)";
				"CODE_SIGN_IDENTITY[sdk=iphoneos*]" = "iPhone Developer: yu liu (62MGC7N8CV)";
				DEVELOPMENT_TEAM = 7L5J2E7BV3;
				ENABLE_BITCODE = NO;
				FRAMEWORK_SEARCH_PATHS = (
					"$(PROJECT_DIR)",
					"$(PROJECT_DIR)/resource.bundle",
					"$(PROJECT_DIR)/libs",
					$HOME/build/3rdparty/opencv/2.4.9/osx,
				);
				GCC_PREPROCESSOR_DEFINITIONS = GLASS_SDK_IOS;
				HEADER_SEARCH_PATHS = "";
				INFOPLIST_FILE = DyGlassesProject/Info.plist;
				IPHONEOS_DEPLOYMENT_TARGET = 8.1;
				LD_RUNPATH_SEARCH_PATHS = "$(inherited) @executable_path/Frameworks";
				LIBRARY_SEARCH_PATHS = (
					"$(inherited)",
					"$(PROJECT_DIR)",
				);
				ONLY_ACTIVE_ARCH = YES;
				PRODUCT_BUNDLE_IDENTIFIER = topplus.DyGlassesProject;
				PRODUCT_NAME = "$(TARGET_NAME)";
				PROVISIONING_PROFILE = "b005c643-9ed1-4773-aea9-266a340e9601";
				PROVISIONING_PROFILE_SPECIFIER = "Tong Jia Universial";
				VALID_ARCHS = "armv7 arm64 armv7s";
			};
			name = Debug;
		};
		95D092871C51D8580006449F /* Release */ = {
			isa = XCBuildConfiguration;
			buildSettings = {
				ASSETCATALOG_COMPILER_APPICON_NAME = AppIcon;
				CODE_SIGN_IDENTITY = "iPhone Developer: yu liu (62MGC7N8CV)";
				"CODE_SIGN_IDENTITY[sdk=iphoneos*]" = "iPhone Developer: yu liu (62MGC7N8CV)";
				DEVELOPMENT_TEAM = 7L5J2E7BV3;
				ENABLE_BITCODE = NO;
				FRAMEWORK_SEARCH_PATHS = (
					"$(PROJECT_DIR)",
					"$(PROJECT_DIR)/resource.bundle",
					"$(PROJECT_DIR)/libs",
					$HOME/build/3rdparty/opencv/2.4.9/osx,
				);
				GCC_PREPROCESSOR_DEFINITIONS = (
					GLASS_SDK_IOS,
					"RELEASE=1",
				);
				HEADER_SEARCH_PATHS = "";
				INFOPLIST_FILE = DyGlassesProject/Info.plist;
				IPHONEOS_DEPLOYMENT_TARGET = 8.1;
				LD_RUNPATH_SEARCH_PATHS = "$(inherited) @executable_path/Frameworks";
				LIBRARY_SEARCH_PATHS = (
					"$(inherited)",
					"$(PROJECT_DIR)",
				);
				ONLY_ACTIVE_ARCH = YES;
				PRODUCT_BUNDLE_IDENTIFIER = topplus.DyGlassesProject;
				PRODUCT_NAME = "$(TARGET_NAME)";
				PROVISIONING_PROFILE = "b005c643-9ed1-4773-aea9-266a340e9601";
				PROVISIONING_PROFILE_SPECIFIER = "Tong Jia Universial";
				VALID_ARCHS = "armv7 arm64 armv7s";
			};
			name = Release;
		};
/* End XCBuildConfiguration section */

/* Begin XCConfigurationList section */
		95D092691C51D8580006449F /* Build configuration list for PBXProject "DyGlassesProject" */ = {
			isa = XCConfigurationList;
			buildConfigurations = (
				95D092831C51D8580006449F /* Debug */,
				95D092841C51D8580006449F /* Release */,
			);
			defaultConfigurationIsVisible = 0;
			defaultConfigurationName = Release;
		};
		95D092851C51D8580006449F /* Build configuration list for PBXNativeTarget "DyGlassesProject" */ = {
			isa = XCConfigurationList;
			buildConfigurations = (
				95D092861C51D8580006449F /* Debug */,
				95D092871C51D8580006449F /* Release */,
			);
			defaultConfigurationIsVisible = 0;
			defaultConfigurationName = Release;
		};
/* End XCConfigurationList section */
	};
	rootObject = 95D092661C51D8580006449F /* Project object */;
}
